
Microsoft Visual Studio Solution File, Format Version 12.00
# Visual Studio 15
VisualStudioVersion = 15.0.27703.2018
MinimumVisualStudioVersion = 10.0.40219.1
Project("{FAE04EC0-301F-11D3-BF4B-00C04F79EFBC}") = "CodeShowApp", "CodeShowApp\CodeShowApp.csproj", "{EAA5B0F0-FC2D-4BE1-AEE8-AC416FEE9B3E}"
EndProject
Global
	GlobalSection(SolutionConfigurationPlatforms) = preSolution
		Debug|Any CPU = Debug|Any CPU
		Release|Any CPU = Release|Any CPU
	EndGlobalSection
	GlobalSection(ProjectConfigurationPlatforms) = postSolution
		{EAA5B0F0-FC2D-4BE1-AEE8-AC416FEE9B3E}.Debug|Any CPU.ActiveCfg = Debug|Any CPU
		{EAA5B0F0-FC2D-4BE1-AEE8-AC416FEE9B3E}.Debug|Any CPU.Build.0 = Debug|Any CPU
		{EAA5B0F0-FC2D-4BE1-AEE8-AC416FEE9B3E}.Release|Any CPU.ActiveCfg = Release|Any CPU
		{EAA5B0F0-FC2D-4BE1-AEE8-AC416FEE9B3E}.Release|Any CPU.Build.0 = Release|Any CPU
	EndGlobalSection
	GlobalSection(SolutionProperties) = preSolution
		HideSolutionNode = FALSE
	EndGlobalSection
	GlobalSection(ExtensibilityGlobals) = postSolution
		SolutionGuid = {F7E8D158-B3BC-4CD6-A081-B30358407836}
	EndGlobalSection
EndGlobal
